
Microsoft Visual Studio Solution File, Format Version 12.00
# Visual Studio Version 17
VisualStudioVersion = 17.0.31903.59
MinimumVisualStudioVersion = 10.0.40219.1
Project("{FAE04EC0-301F-11D3-BF4B-00C04F79EFBC}") = "API", "API\API.csproj", "{EDDA6C81-3E9B-4067-B403-3D247ADA27D1}"
EndProject
Project("{FAE04EC0-301F-11D3-BF4B-00C04F79EFBC}") = "Application", "Application\Application.csproj", "{72AABF01-A9EA-48BA-9F54-AAB80674D221}"
EndProject
Project("{FAE04EC0-301F-11D3-BF4B-00C04F79EFBC}") = "Domain", "Domain\Domain.csproj", "{512DA3C0-1800-44A8-8E68-F8EA7665939C}"
EndProject
Project("{FAE04EC0-301F-11D3-BF4B-00C04F79EFBC}") = "Persistence", "Persistence\Persistence.csproj", "{57933DC3-3805-4346-ACFA-E098BACC5E19}"
EndProject
Global
	GlobalSection(SolutionConfigurationPlatforms) = preSolution
		Debug|Any CPU = Debug|Any CPU
		Release|Any CPU = Release|Any CPU
	EndGlobalSection
	GlobalSection(SolutionProperties) = preSolution
		HideSolutionNode = FALSE
	EndGlobalSection
	GlobalSection(ProjectConfigurationPlatforms) = postSolution
		{EDDA6C81-3E9B-4067-B403-3D247ADA27D1}.Debug|Any CPU.ActiveCfg = Debug|Any CPU
		{EDDA6C81-3E9B-4067-B403-3D247ADA27D1}.Debug|Any CPU.Build.0 = Debug|Any CPU
		{EDDA6C81-3E9B-4067-B403-3D247ADA27D1}.Release|Any CPU.ActiveCfg = Release|Any CPU
		{EDDA6C81-3E9B-4067-B403-3D247ADA27D1}.Release|Any CPU.Build.0 = Release|Any CPU
		{72AABF01-A9EA-48BA-9F54-AAB80674D221}.Debug|Any CPU.ActiveCfg = Debug|Any CPU
		{72AABF01-A9EA-48BA-9F54-AAB80674D221}.Debug|Any CPU.Build.0 = Debug|Any CPU
		{72AABF01-A9EA-48BA-9F54-AAB80674D221}.Release|Any CPU.ActiveCfg = Release|Any CPU
		{72AABF01-A9EA-48BA-9F54-AAB80674D221}.Release|Any CPU.Build.0 = Release|Any CPU
		{512DA3C0-1800-44A8-8E68-F8EA7665939C}.Debug|Any CPU.ActiveCfg = Debug|Any CPU
		{512DA3C0-1800-44A8-8E68-F8EA7665939C}.Debug|Any CPU.Build.0 = Debug|Any CPU
		{512DA3C0-1800-44A8-8E68-F8EA7665939C}.Release|Any CPU.ActiveCfg = Release|Any CPU
		{512DA3C0-1800-44A8-8E68-F8EA7665939C}.Release|Any CPU.Build.0 = Release|Any CPU
		{57933DC3-3805-4346-ACFA-E098BACC5E19}.Debug|Any CPU.ActiveCfg = Debug|Any CPU
		{57933DC3-3805-4346-ACFA-E098BACC5E19}.Debug|Any CPU.Build.0 = Debug|Any CPU
		{57933DC3-3805-4346-ACFA-E098BACC5E19}.Release|Any CPU.ActiveCfg = Release|Any CPU
		{57933DC3-3805-4346-ACFA-E098BACC5E19}.Release|Any CPU.Build.0 = Release|Any CPU
	EndGlobalSection
EndGlobal
